
Microsoft Visual Studio Solution File, Format Version 12.00
# Visual Studio 15
VisualStudioVersion = 15.0.27703.2042
MinimumVisualStudioVersion = 10.0.40219.1
Project("{9A19103F-16F7-4668-BE54-9A1E7A4F7556}") = "Listicle", "Listicle\Listicle.csproj", "{38546B56-A4E4-4AA2-9634-F9EEE4660684}"
EndProject
Global
	GlobalSection(SolutionConfigurationPlatforms) = preSolution
		Debug|Any CPU = Debug|Any CPU
		Release|Any CPU = Release|Any CPU
	EndGlobalSection
	GlobalSection(ProjectConfigurationPlatforms) = postSolution
		{38546B56-A4E4-4AA2-9634-F9EEE4660684}.Debug|Any CPU.ActiveCfg = Debug|Any CPU
		{38546B56-A4E4-4AA2-9634-F9EEE4660684}.Debug|Any CPU.Build.0 = Debug|Any CPU
		{38546B56-A4E4-4AA2-9634-F9EEE4660684}.Release|Any CPU.ActiveCfg = Release|Any CPU
		{38546B56-A4E4-4AA2-9634-F9EEE4660684}.Release|Any CPU.Build.0 = Release|Any CPU
	EndGlobalSection
	GlobalSection(SolutionProperties) = preSolution
		HideSolutionNode = FALSE
	EndGlobalSection
	GlobalSection(ExtensibilityGlobals) = postSolution
		SolutionGuid = {B4FEA5BB-FB01-4B68-BE0D-9E21FEEC8A6B}
	EndGlobalSection
EndGlobal
